
Microsoft Visual Studio Solution File, Format Version 12.00
# Visual Studio Version 16
VisualStudioVersion = 16.0.34031.81
MinimumVisualStudioVersion = 10.0.40219.1
Project("{2150E333-8FDC-42A3-9474-1A3956D46DE8}") = "Task0", "Task0", "{BB2A299F-343F-4411-B8E2-5B4CD07473D8}"
EndProject
Project("{FAE04EC0-301F-11D3-BF4B-00C04F79EFBC}") = "Tyuiu.ShabanovMS.Sprint5.Task0.V21", "Tyuiu.ShabanovMS.Sprint5.Task0.V21\Tyuiu.ShabanovMS.Sprint5.Task0.V21.csproj", "{087D7C48-B7C5-400A-B93B-C99AE5E798A8}"
EndProject
Project("{FAE04EC0-301F-11D3-BF4B-00C04F79EFBC}") = "Tyuiu.ShabanovMS.Sprint5.Task0.V21.Lib", "Tyuiu.ShabanovMS.Sprint5.Task0.V21.Lib\Tyuiu.ShabanovMS.Sprint5.Task0.V21.Lib.csproj", "{FF1BC4CC-15C3-41FD-820E-DA2CF4EF57F7}"
EndProject
Project("{FAE04EC0-301F-11D3-BF4B-00C04F79EFBC}") = "Tyuiu.ShabanovMS.Sprint5.Task0.V21.Test", "Tyuiu.ShabanovMS.Sprint5.Task0.V21.Test\Tyuiu.ShabanovMS.Sprint5.Task0.V21.Test.csproj", "{E285B053-64F1-4494-B6AB-C737F8EF9471}"
EndProject
Project("{2150E333-8FDC-42A3-9474-1A3956D46DE8}") = "Task1", "Task1", "{CAC26B76-7DB2-44BE-94F6-2D5394C99F63}"
EndProject
Project("{FAE04EC0-301F-11D3-BF4B-00C04F79EFBC}") = "Tyuiu.ShabanovMS.Sprint5.Task1.V26", "Tyuiu.ShabanovMS.Sprint5.Task1.V26\Tyuiu.ShabanovMS.Sprint5.Task1.V26.csproj", "{785E71E5-B829-4003-9F1F-CF04EBD35C6D}"
EndProject
Project("{FAE04EC0-301F-11D3-BF4B-00C04F79EFBC}") = "Tyuiu.ShabanovMS.Sprint5.Task1.V26.Lib", "Tyuiu.ShabanovMS.Sprint5.Task1.V26.Lib\Tyuiu.ShabanovMS.Sprint5.Task1.V26.Lib.csproj", "{D0BB4141-B058-4110-82F1-1FF6580B42F7}"
EndProject
Project("{FAE04EC0-301F-11D3-BF4B-00C04F79EFBC}") = "Tyuiu.ShabanovMS.Sprint5.Task1.V26.Test", "Tyuiu.ShabanovMS.Sprint5.Task1.V26.Test\Tyuiu.ShabanovMS.Sprint5.Task1.V26.Test.csproj", "{7A8B1501-F501-4C56-A0F4-26AE20707035}"
EndProject
Project("{2150E333-8FDC-42A3-9474-1A3956D46DE8}") = "Task2", "Task2", "{510BEE46-54C2-40D0-AB23-B101E44A1383}"
EndProject
Project("{FAE04EC0-301F-11D3-BF4B-00C04F79EFBC}") = "Tyuiu.ShabanovMS.Sprint5.Task2.V7", "Tyuiu.ShabanovMS.Sprint5.Task2.V7\Tyuiu.ShabanovMS.Sprint5.Task2.V7.csproj", "{2DECB701-A97E-47E8-B2A7-8BC5B3EBEF24}"
EndProject
Project("{FAE04EC0-301F-11D3-BF4B-00C04F79EFBC}") = "Tyuiu.ShabanovMS.Sprint5.Task2.V7.Lib", "Tyuiu.ShabanovMS.Sprint5.Task2.V7.Lib\Tyuiu.ShabanovMS.Sprint5.Task2.V7.Lib.csproj", "{8A9BC606-A2A6-4D1C-8647-735C47590378}"
EndProject
Project("{FAE04EC0-301F-11D3-BF4B-00C04F79EFBC}") = "Tyuiu.ShabanovMS.Sprint5.Task2.V7.Test", "Tyuiu.ShabanovMS.Sprint5.Task2.V7.Test\Tyuiu.ShabanovMS.Sprint5.Task2.V7.Test.csproj", "{EC0E8D84-A847-42A2-859D-A93441E04791}"
EndProject
Project("{2150E333-8FDC-42A3-9474-1A3956D46DE8}") = "Task4", "Task4", "{938366E1-4A82-4BDC-B159-D58938F22601}"
EndProject
Project("{FAE04EC0-301F-11D3-BF4B-00C04F79EFBC}") = "Tyuiu.ShabanovMS.Sprint5.Task4.V8", "Tyuiu.ShabanovMS.Sprint5.Task4.V8\Tyuiu.ShabanovMS.Sprint5.Task4.V8.csproj", "{F18A6555-2CDC-4076-A787-1155ABCB3156}"
EndProject
Project("{FAE04EC0-301F-11D3-BF4B-00C04F79EFBC}") = "Tyuiu.ShabanovMS.Sprint5.Task4.V8.Lib", "Tyuiu.ShabanovMS.Sprint5.Task4.V8.Lib\Tyuiu.ShabanovMS.Sprint5.Task4.V8.Lib.csproj", "{04BFE795-8A51-488D-8BB3-64C67D55A521}"
EndProject
Project("{FAE04EC0-301F-11D3-BF4B-00C04F79EFBC}") = "Tyuiu.ShabanovMS.Sprint5.Task4.V8.Test", "Tyuiu.ShabanovMS.Sprint5.Task4.V8.Test\Tyuiu.ShabanovMS.Sprint5.Task4.V8.Test.csproj", "{B29D5296-B50F-4201-9B17-DD3F2D65F963}"
EndProject
Project("{2150E333-8FDC-42A3-9474-1A3956D46DE8}") = "Task5", "Task5", "{8E960D63-6BB9-4ED2-8201-1AB295D7EE96}"
EndProject
Project("{FAE04EC0-301F-11D3-BF4B-00C04F79EFBC}") = "Tyuiu.ShabanovMS.Sprint5.Task5.V29", "Tyuiu.ShabanovMS.Sprint5.Task5.V29\Tyuiu.ShabanovMS.Sprint5.Task5.V29.csproj", "{C0ED6370-4988-459C-B7B0-98150420C764}"
EndProject
Project("{FAE04EC0-301F-11D3-BF4B-00C04F79EFBC}") = "Tyuiu.ShabanovMS.Sprint5.Task5.V29.Lib", "Tyuiu.ShabanovMS.Sprint5.Task5.V29.Lib\Tyuiu.ShabanovMS.Sprint5.Task5.V29.Lib.csproj", "{54BE392F-929F-4062-8B34-30C27A54DBAF}"
EndProject
Project("{FAE04EC0-301F-11D3-BF4B-00C04F79EFBC}") = "Tyuiu.ShabanovMS.Sprint5.Task5.V29.Test", "Tyuiu.ShabanovMS.Sprint5.Task5.V29.Test\Tyuiu.ShabanovMS.Sprint5.Task5.V29.Test.csproj", "{D83C32BB-1759-4BDF-989F-AFA7E93CD150}"
EndProject
Project("{2150E333-8FDC-42A3-9474-1A3956D46DE8}") = "Task6", "Task6", "{FF881F72-0FFB-4D0A-B733-5D1D01C6E7DF}"
EndProject
Project("{FAE04EC0-301F-11D3-BF4B-00C04F79EFBC}") = "Tyuiu.ShabanovMS.Sprint5.Task6.V14", "Tyuiu.ShabanovMS.Sprint5.Task6.V14\Tyuiu.ShabanovMS.Sprint5.Task6.V14.csproj", "{02E813C0-7823-4FF7-A1AD-4113428A1681}"
EndProject
Project("{FAE04EC0-301F-11D3-BF4B-00C04F79EFBC}") = "Tyuiu.ShabanovMS.Sprint5.Task6.V14.Lib", "Tyuiu.ShabanovMS.Sprint5.Task6.V14.Lib\Tyuiu.ShabanovMS.Sprint5.Task6.V14.Lib.csproj", "{D2E22013-DE47-4049-8429-D2FF088AA169}"
EndProject
Project("{FAE04EC0-301F-11D3-BF4B-00C04F79EFBC}") = "Tyuiu.ShabanovMS.Sprint5.Task6.V14.Test", "Tyuiu.ShabanovMS.Sprint5.Task6.V14.Test\Tyuiu.ShabanovMS.Sprint5.Task6.V14.Test.csproj", "{FF8326C4-1A84-423B-BB95-5B9EBA860050}"
EndProject
Project("{2150E333-8FDC-42A3-9474-1A3956D46DE8}") = "Task7", "Task7", "{8558C23B-68D6-44D0-9E79-F570CFA96917}"
EndProject
Project("{FAE04EC0-301F-11D3-BF4B-00C04F79EFBC}") = "Tyuiu.ShabanovMS.Sprint5.Task7.V10", "Tyuiu.ShabanovMS.Sprint5.Task7.V10\Tyuiu.ShabanovMS.Sprint5.Task7.V10.csproj", "{8E343DF8-31E1-481A-A13F-0E50FB5F05B4}"
EndProject
Project("{FAE04EC0-301F-11D3-BF4B-00C04F79EFBC}") = "Tyuiu.ShabanovMS.Sprint5.Task7.V10.Lib", "Tyuiu.ShabanovMS.Sprint5.Task7.V10.Lib\Tyuiu.ShabanovMS.Sprint5.Task7.V10.Lib.csproj", "{C16CDDA5-71A5-4ECD-B55E-5C6802172041}"
EndProject
Project("{FAE04EC0-301F-11D3-BF4B-00C04F79EFBC}") = "Tyuiu.ShabanovMS.Sprint5.Task7.V10.Test", "Tyuiu.ShabanovMS.Sprint5.Task7.V10.Test\Tyuiu.ShabanovMS.Sprint5.Task7.V10.Test.csproj", "{A936EEA1-5332-4AA7-BC1D-438DDFB3A181}"
EndProject
Project("{2150E333-8FDC-42A3-9474-1A3956D46DE8}") = "Task3", "Task3", "{A1D5D181-8B31-4BAA-9BB6-42779CB7EC51}"
EndProject
Project("{FAE04EC0-301F-11D3-BF4B-00C04F79EFBC}") = "Tyuiu.ShabanovMS.Sprint5.Task3.V6", "Tyuiu.ShabanovMS.Sprint5.Task3.V6\Tyuiu.ShabanovMS.Sprint5.Task3.V6.csproj", "{21F8FFB5-FB81-426B-A734-AE1435ECE37A}"
EndProject
Project("{FAE04EC0-301F-11D3-BF4B-00C04F79EFBC}") = "Tyuiu.ShabanovMS.Sprint5.Task3.V6.Lib", "Tyuiu.ShabanovMS.Sprint5.Task3.V6.Lib\Tyuiu.ShabanovMS.Sprint5.Task3.V6.Lib.csproj", "{820553CE-CCED-4825-A1BD-896C86AD94C1}"
EndProject
Project("{FAE04EC0-301F-11D3-BF4B-00C04F79EFBC}") = "Tyuiu.ShabanovMS.Sprint5.Task3.V6.Test", "Tyuiu.ShabanovMS.Sprint5.Task3.V6.Test\Tyuiu.ShabanovMS.Sprint5.Task3.V6.Test.csproj", "{A8BD037E-322F-4BAF-A54E-E34146855811}"
EndProject
Global
	GlobalSection(SolutionConfigurationPlatforms) = preSolution
		Debug|Any CPU = Debug|Any CPU
		Release|Any CPU = Release|Any CPU
	EndGlobalSection
	GlobalSection(ProjectConfigurationPlatforms) = postSolution
		{087D7C48-B7C5-400A-B93B-C99AE5E798A8}.Debug|Any CPU.ActiveCfg = Debug|Any CPU
		{087D7C48-B7C5-400A-B93B-C99AE5E798A8}.Debug|Any CPU.Build.0 = Debug|Any CPU
		{087D7C48-B7C5-400A-B93B-C99AE5E798A8}.Release|Any CPU.ActiveCfg = Release|Any CPU
		{087D7C48-B7C5-400A-B93B-C99AE5E798A8}.Release|Any CPU.Build.0 = Release|Any CPU
		{FF1BC4CC-15C3-41FD-820E-DA2CF4EF57F7}.Debug|Any CPU.ActiveCfg = Debug|Any CPU
		{FF1BC4CC-15C3-41FD-820E-DA2CF4EF57F7}.Debug|Any CPU.Build.0 = Debug|Any CPU
		{FF1BC4CC-15C3-41FD-820E-DA2CF4EF57F7}.Release|Any CPU.ActiveCfg = Release|Any CPU
		{FF1BC4CC-15C3-41FD-820E-DA2CF4EF57F7}.Release|Any CPU.Build.0 = Release|Any CPU
		{E285B053-64F1-4494-B6AB-C737F8EF9471}.Debug|Any CPU.ActiveCfg = Debug|Any CPU
		{E285B053-64F1-4494-B6AB-C737F8EF9471}.Debug|Any CPU.Build.0 = Debug|Any CPU
		{E285B053-64F1-4494-B6AB-C737F8EF9471}.Release|Any CPU.ActiveCfg = Release|Any CPU
		{E285B053-64F1-4494-B6AB-C737F8EF9471}.Release|Any CPU.Build.0 = Release|Any CPU
		{785E71E5-B829-4003-9F1F-CF04EBD35C6D}.Debug|Any CPU.ActiveCfg = Debug|Any CPU
		{785E71E5-B829-4003-9F1F-CF04EBD35C6D}.Debug|Any CPU.Build.0 = Debug|Any CPU
		{785E71E5-B829-4003-9F1F-CF04EBD35C6D}.Release|Any CPU.ActiveCfg = Release|Any CPU
		{785E71E5-B829-4003-9F1F-CF04EBD35C6D}.Release|Any CPU.Build.0 = Release|Any CPU
		{D0BB4141-B058-4110-82F1-1FF6580B42F7}.Debug|Any CPU.ActiveCfg = Debug|Any CPU
		{D0BB4141-B058-4110-82F1-1FF6580B42F7}.Debug|Any CPU.Build.0 = Debug|Any CPU
		{D0BB4141-B058-4110-82F1-1FF6580B42F7}.Release|Any CPU.ActiveCfg = Release|Any CPU
		{D0BB4141-B058-4110-82F1-1FF6580B42F7}.Release|Any CPU.Build.0 = Release|Any CPU
		{7A8B1501-F501-4C56-A0F4-26AE20707035}.Debug|Any CPU.ActiveCfg = Debug|Any CPU
		{7A8B1501-F501-4C56-A0F4-26AE20707035}.Debug|Any CPU.Build.0 = Debug|Any CPU
		{7A8B1501-F501-4C56-A0F4-26AE20707035}.Release|Any CPU.ActiveCfg = Release|Any CPU
		{7A8B1501-F501-4C56-A0F4-26AE20707035}.Release|Any CPU.Build.0 = Release|Any CPU
		{2DECB701-A97E-47E8-B2A7-8BC5B3EBEF24}.Debug|Any CPU.ActiveCfg = Debug|Any CPU
		{2DECB701-A97E-47E8-B2A7-8BC5B3EBEF24}.Debug|Any CPU.Build.0 = Debug|Any CPU
		{2DECB701-A97E-47E8-B2A7-8BC5B3EBEF24}.Release|Any CPU.ActiveCfg = Release|Any CPU
		{2DECB701-A97E-47E8-B2A7-8BC5B3EBEF24}.Release|Any CPU.Build.0 = Release|Any CPU
		{8A9BC606-A2A6-4D1C-8647-735C47590378}.Debug|Any CPU.ActiveCfg = Debug|Any CPU
		{8A9BC606-A2A6-4D1C-8647-735C47590378}.Debug|Any CPU.Build.0 = Debug|Any CPU
		{8A9BC606-A2A6-4D1C-8647-735C47590378}.Release|Any CPU.ActiveCfg = Release|Any CPU
		{8A9BC606-A2A6-4D1C-8647-735C47590378}.Release|Any CPU.Build.0 = Release|Any CPU
		{EC0E8D84-A847-42A2-859D-A93441E04791}.Debug|Any CPU.ActiveCfg = Debug|Any CPU
		{EC0E8D84-A847-42A2-859D-A93441E04791}.Debug|Any CPU.Build.0 = Debug|Any CPU
		{EC0E8D84-A847-42A2-859D-A93441E04791}.Release|Any CPU.ActiveCfg = Release|Any CPU
		{EC0E8D84-A847-42A2-859D-A93441E04791}.Release|Any CPU.Build.0 = Release|Any CPU
		{F18A6555-2CDC-4076-A787-1155ABCB3156}.Debug|Any CPU.ActiveCfg = Debug|Any CPU
		{F18A6555-2CDC-4076-A787-1155ABCB3156}.Debug|Any CPU.Build.0 = Debug|Any CPU
		{F18A6555-2CDC-4076-A787-1155ABCB3156}.Release|Any CPU.ActiveCfg = Release|Any CPU
		{F18A6555-2CDC-4076-A787-1155ABCB3156}.Release|Any CPU.Build.0 = Release|Any CPU
		{04BFE795-8A51-488D-8BB3-64C67D55A521}.Debug|Any CPU.ActiveCfg = Debug|Any CPU
		{04BFE795-8A51-488D-8BB3-64C67D55A521}.Debug|Any CPU.Build.0 = Debug|Any CPU
		{04BFE795-8A51-488D-8BB3-64C67D55A521}.Release|Any CPU.ActiveCfg = Release|Any CPU
		{04BFE795-8A51-488D-8BB3-64C67D55A521}.Release|Any CPU.Build.0 = Release|Any CPU
		{B29D5296-B50F-4201-9B17-DD3F2D65F963}.Debug|Any CPU.ActiveCfg = Debug|Any CPU
		{B29D5296-B50F-4201-9B17-DD3F2D65F963}.Debug|Any CPU.Build.0 = Debug|Any CPU
		{B29D5296-B50F-4201-9B17-DD3F2D65F963}.Release|Any CPU.ActiveCfg = Release|Any CPU
		{B29D5296-B50F-4201-9B17-DD3F2D65F963}.Release|Any CPU.Build.0 = Release|Any CPU
		{C0ED6370-4988-459C-B7B0-98150420C764}.Debug|Any CPU.ActiveCfg = Debug|Any CPU
		{C0ED6370-4988-459C-B7B0-98150420C764}.Debug|Any CPU.Build.0 = Debug|Any CPU
		{C0ED6370-4988-459C-B7B0-98150420C764}.Release|Any CPU.ActiveCfg = Release|Any CPU
		{C0ED6370-4988-459C-B7B0-98150420C764}.Release|Any CPU.Build.0 = Release|Any CPU
		{54BE392F-929F-4062-8B34-30C27A54DBAF}.Debug|Any CPU.ActiveCfg = Debug|Any CPU
		{54BE392F-929F-4062-8B34-30C27A54DBAF}.Debug|Any CPU.Build.0 = Debug|Any CPU
		{54BE392F-929F-4062-8B34-30C27A54DBAF}.Release|Any CPU.ActiveCfg = Release|Any CPU
		{54BE392F-929F-4062-8B34-30C27A54DBAF}.Release|Any CPU.Build.0 = Release|Any CPU
		{D83C32BB-1759-4BDF-989F-AFA7E93CD150}.Debug|Any CPU.ActiveCfg = Debug|Any CPU
		{D83C32BB-1759-4BDF-989F-AFA7E93CD150}.Debug|Any CPU.Build.0 = Debug|Any CPU
		{D83C32BB-1759-4BDF-989F-AFA7E93CD150}.Release|Any CPU.ActiveCfg = Release|Any CPU
		{D83C32BB-1759-4BDF-989F-AFA7E93CD150}.Release|Any CPU.Build.0 = Release|Any CPU
		{02E813C0-7823-4FF7-A1AD-4113428A1681}.Debug|Any CPU.ActiveCfg = Debug|Any CPU
		{02E813C0-7823-4FF7-A1AD-4113428A1681}.Debug|Any CPU.Build.0 = Debug|Any CPU
		{02E813C0-7823-4FF7-A1AD-4113428A1681}.Release|Any CPU.ActiveCfg = Release|Any CPU
		{02E813C0-7823-4FF7-A1AD-4113428A1681}.Release|Any CPU.Build.0 = Release|Any CPU
		{D2E22013-DE47-4049-8429-D2FF088AA169}.Debug|Any CPU.ActiveCfg = Debug|Any CPU
		{D2E22013-DE47-4049-8429-D2FF088AA169}.Debug|Any CPU.Build.0 = Debug|Any CPU
		{D2E22013-DE47-4049-8429-D2FF088AA169}.Release|Any CPU.ActiveCfg = Release|Any CPU
		{D2E22013-DE47-4049-8429-D2FF088AA169}.Release|Any CPU.Build.0 = Release|Any CPU
		{FF8326C4-1A84-423B-BB95-5B9EBA860050}.Debug|Any CPU.ActiveCfg = Debug|Any CPU
		{FF8326C4-1A84-423B-BB95-5B9EBA860050}.Debug|Any CPU.Build.0 = Debug|Any CPU
		{FF8326C4-1A84-423B-BB95-5B9EBA860050}.Release|Any CPU.ActiveCfg = Release|Any CPU
		{FF8326C4-1A84-423B-BB95-5B9EBA860050}.Release|Any CPU.Build.0 = Release|Any CPU
		{8E343DF8-31E1-481A-A13F-0E50FB5F05B4}.Debug|Any CPU.ActiveCfg = Debug|Any CPU
		{8E343DF8-31E1-481A-A13F-0E50FB5F05B4}.Debug|Any CPU.Build.0 = Debug|Any CPU
		{8E343DF8-31E1-481A-A13F-0E50FB5F05B4}.Release|Any CPU.ActiveCfg = Release|Any CPU
		{8E343DF8-31E1-481A-A13F-0E50FB5F05B4}.Release|Any CPU.Build.0 = Release|Any CPU
		{C16CDDA5-71A5-4ECD-B55E-5C6802172041}.Debug|Any CPU.ActiveCfg = Debug|Any CPU
		{C16CDDA5-71A5-4ECD-B55E-5C6802172041}.Debug|Any CPU.Build.0 = Debug|Any CPU
		{C16CDDA5-71A5-4ECD-B55E-5C6802172041}.Release|Any CPU.ActiveCfg = Release|Any CPU
		{C16CDDA5-71A5-4ECD-B55E-5C6802172041}.Release|Any CPU.Build.0 = Release|Any CPU
		{A936EEA1-5332-4AA7-BC1D-438DDFB3A181}.Debug|Any CPU.ActiveCfg = Debug|Any CPU
		{A936EEA1-5332-4AA7-BC1D-438DDFB3A181}.Debug|Any CPU.Build.0 = Debug|Any CPU
		{A936EEA1-5332-4AA7-BC1D-438DDFB3A181}.Release|Any CPU.ActiveCfg = Release|Any CPU
		{A936EEA1-5332-4AA7-BC1D-438DDFB3A181}.Release|Any CPU.Build.0 = Release|Any CPU
		{21F8FFB5-FB81-426B-A734-AE1435ECE37A}.Debug|Any CPU.ActiveCfg = Debug|Any CPU
		{21F8FFB5-FB81-426B-A734-AE1435ECE37A}.Debug|Any CPU.Build.0 = Debug|Any CPU
		{21F8FFB5-FB81-426B-A734-AE1435ECE37A}.Release|Any CPU.ActiveCfg = Release|Any CPU
		{21F8FFB5-FB81-426B-A734-AE1435ECE37A}.Release|Any CPU.Build.0 = Release|Any CPU
		{820553CE-CCED-4825-A1BD-896C86AD94C1}.Debug|Any CPU.ActiveCfg = Debug|Any CPU
		{820553CE-CCED-4825-A1BD-896C86AD94C1}.Debug|Any CPU.Build.0 = Debug|Any CPU
		{820553CE-CCED-4825-A1BD-896C86AD94C1}.Release|Any CPU.ActiveCfg = Release|Any CPU
		{820553CE-CCED-4825-A1BD-896C86AD94C1}.Release|Any CPU.Build.0 = Release|Any CPU
		{A8BD037E-322F-4BAF-A54E-E34146855811}.Debug|Any CPU.ActiveCfg = Debug|Any CPU
		{A8BD037E-322F-4BAF-A54E-E34146855811}.Debug|Any CPU.Build.0 = Debug|Any CPU
		{A8BD037E-322F-4BAF-A54E-E34146855811}.Release|Any CPU.ActiveCfg = Release|Any CPU
		{A8BD037E-322F-4BAF-A54E-E34146855811}.Release|Any CPU.Build.0 = Release|Any CPU
	EndGlobalSection
	GlobalSection(SolutionProperties) = preSolution
		HideSolutionNode = FALSE
	EndGlobalSection
	GlobalSection(NestedProjects) = preSolution
		{087D7C48-B7C5-400A-B93B-C99AE5E798A8} = {BB2A299F-343F-4411-B8E2-5B4CD07473D8}
		{FF1BC4CC-15C3-41FD-820E-DA2CF4EF57F7} = {BB2A299F-343F-4411-B8E2-5B4CD07473D8}
		{E285B053-64F1-4494-B6AB-C737F8EF9471} = {BB2A299F-343F-4411-B8E2-5B4CD07473D8}
		{785E71E5-B829-4003-9F1F-CF04EBD35C6D} = {CAC26B76-7DB2-44BE-94F6-2D5394C99F63}
		{D0BB4141-B058-4110-82F1-1FF6580B42F7} = {CAC26B76-7DB2-44BE-94F6-2D5394C99F63}
		{7A8B1501-F501-4C56-A0F4-26AE20707035} = {CAC26B76-7DB2-44BE-94F6-2D5394C99F63}
		{2DECB701-A97E-47E8-B2A7-8BC5B3EBEF24} = {510BEE46-54C2-40D0-AB23-B101E44A1383}
		{8A9BC606-A2A6-4D1C-8647-735C47590378} = {510BEE46-54C2-40D0-AB23-B101E44A1383}
		{EC0E8D84-A847-42A2-859D-A93441E04791} = {510BEE46-54C2-40D0-AB23-B101E44A1383}
		{F18A6555-2CDC-4076-A787-1155ABCB3156} = {938366E1-4A82-4BDC-B159-D58938F22601}
		{04BFE795-8A51-488D-8BB3-64C67D55A521} = {938366E1-4A82-4BDC-B159-D58938F22601}
		{B29D5296-B50F-4201-9B17-DD3F2D65F963} = {938366E1-4A82-4BDC-B159-D58938F22601}
		{C0ED6370-4988-459C-B7B0-98150420C764} = {8E960D63-6BB9-4ED2-8201-1AB295D7EE96}
		{54BE392F-929F-4062-8B34-30C27A54DBAF} = {8E960D63-6BB9-4ED2-8201-1AB295D7EE96}
		{D83C32BB-1759-4BDF-989F-AFA7E93CD150} = {8E960D63-6BB9-4ED2-8201-1AB295D7EE96}
		{02E813C0-7823-4FF7-A1AD-4113428A1681} = {FF881F72-0FFB-4D0A-B733-5D1D01C6E7DF}
		{D2E22013-DE47-4049-8429-D2FF088AA169} = {FF881F72-0FFB-4D0A-B733-5D1D01C6E7DF}
		{FF8326C4-1A84-423B-BB95-5B9EBA860050} = {FF881F72-0FFB-4D0A-B733-5D1D01C6E7DF}
		{8E343DF8-31E1-481A-A13F-0E50FB5F05B4} = {8558C23B-68D6-44D0-9E79-F570CFA96917}
		{C16CDDA5-71A5-4ECD-B55E-5C6802172041} = {8558C23B-68D6-44D0-9E79-F570CFA96917}
		{A936EEA1-5332-4AA7-BC1D-438DDFB3A181} = {8558C23B-68D6-44D0-9E79-F570CFA96917}
		{21F8FFB5-FB81-426B-A734-AE1435ECE37A} = {A1D5D181-8B31-4BAA-9BB6-42779CB7EC51}
		{820553CE-CCED-4825-A1BD-896C86AD94C1} = {A1D5D181-8B31-4BAA-9BB6-42779CB7EC51}
		{A8BD037E-322F-4BAF-A54E-E34146855811} = {A1D5D181-8B31-4BAA-9BB6-42779CB7EC51}
	EndGlobalSection
	GlobalSection(ExtensibilityGlobals) = postSolution
		SolutionGuid = {16A301E6-4310-4CF4-BBC8-6F9EFBCC369E}
	EndGlobalSection
EndGlobal
