
Microsoft Visual Studio Solution File, Format Version 12.00
# Visual Studio Version 16
VisualStudioVersion = 16.0.34031.81
MinimumVisualStudioVersion = 10.0.40219.1
Project("{2150E333-8FDC-42A3-9474-1A3956D46DE8}") = "Task0", "Task0", "{BB2A299F-343F-4411-B8E2-5B4CD07473D8}"
EndProject
Project("{FAE04EC0-301F-11D3-BF4B-00C04F79EFBC}") = "Tyuiu.ShabanovMS.Sprint5.Task0.V21", "Tyuiu.ShabanovMS.Sprint5.Task0.V21\Tyuiu.ShabanovMS.Sprint5.Task0.V21.csproj", "{087D7C48-B7C5-400A-B93B-C99AE5E798A8}"
EndProject
Project("{FAE04EC0-301F-11D3-BF4B-00C04F79EFBC}") = "Tyuiu.ShabanovMS.Sprint5.Task0.V21.Lib", "Tyuiu.ShabanovMS.Sprint5.Task0.V21.Lib\Tyuiu.ShabanovMS.Sprint5.Task0.V21.Lib.csproj", "{FF1BC4CC-15C3-41FD-820E-DA2CF4EF57F7}"
EndProject
Project("{FAE04EC0-301F-11D3-BF4B-00C04F79EFBC}") = "Tyuiu.ShabanovMS.Sprint5.Task0.V21.Test", "Tyuiu.ShabanovMS.Sprint5.Task0.V21.Test\Tyuiu.ShabanovMS.Sprint5.Task0.V21.Test.csproj", "{E285B053-64F1-4494-B6AB-C737F8EF9471}"
EndProject
Project("{2150E333-8FDC-42A3-9474-1A3956D46DE8}") = "Task1", "Task1", "{CAC26B76-7DB2-44BE-94F6-2D5394C99F63}"
EndProject
Project("{FAE04EC0-301F-11D3-BF4B-00C04F79EFBC}") = "Tyuiu.ShabanovMS.Sprint5.Task1.V26", "Tyuiu.ShabanovMS.Sprint5.Task1.V26\Tyuiu.ShabanovMS.Sprint5.Task1.V26.csproj", "{785E71E5-B829-4003-9F1F-CF04EBD35C6D}"
EndProject
Project("{FAE04EC0-301F-11D3-BF4B-00C04F79EFBC}") = "Tyuiu.ShabanovMS.Sprint5.Task1.V26.Lib", "Tyuiu.ShabanovMS.Sprint5.Task1.V26.Lib\Tyuiu.ShabanovMS.Sprint5.Task1.V26.Lib.csproj", "{D0BB4141-B058-4110-82F1-1FF6580B42F7}"
EndProject
Project("{FAE04EC0-301F-11D3-BF4B-00C04F79EFBC}") = "Tyuiu.ShabanovMS.Sprint5.Task1.V26.Test", "Tyuiu.ShabanovMS.Sprint5.Task1.V26.Test\Tyuiu.ShabanovMS.Sprint5.Task1.V26.Test.csproj", "{7A8B1501-F501-4C56-A0F4-26AE20707035}"
EndProject
Global
	GlobalSection(SolutionConfigurationPlatforms) = preSolution
		Debug|Any CPU = Debug|Any CPU
		Release|Any CPU = Release|Any CPU
	EndGlobalSection
	GlobalSection(ProjectConfigurationPlatforms) = postSolution
		{087D7C48-B7C5-400A-B93B-C99AE5E798A8}.Debug|Any CPU.ActiveCfg = Debug|Any CPU
		{087D7C48-B7C5-400A-B93B-C99AE5E798A8}.Debug|Any CPU.Build.0 = Debug|Any CPU
		{087D7C48-B7C5-400A-B93B-C99AE5E798A8}.Release|Any CPU.ActiveCfg = Release|Any CPU
		{087D7C48-B7C5-400A-B93B-C99AE5E798A8}.Release|Any CPU.Build.0 = Release|Any CPU
		{FF1BC4CC-15C3-41FD-820E-DA2CF4EF57F7}.Debug|Any CPU.ActiveCfg = Debug|Any CPU
		{FF1BC4CC-15C3-41FD-820E-DA2CF4EF57F7}.Debug|Any CPU.Build.0 = Debug|Any CPU
		{FF1BC4CC-15C3-41FD-820E-DA2CF4EF57F7}.Release|Any CPU.ActiveCfg = Release|Any CPU
		{FF1BC4CC-15C3-41FD-820E-DA2CF4EF57F7}.Release|Any CPU.Build.0 = Release|Any CPU
		{E285B053-64F1-4494-B6AB-C737F8EF9471}.Debug|Any CPU.ActiveCfg = Debug|Any CPU
		{E285B053-64F1-4494-B6AB-C737F8EF9471}.Debug|Any CPU.Build.0 = Debug|Any CPU
		{E285B053-64F1-4494-B6AB-C737F8EF9471}.Release|Any CPU.ActiveCfg = Release|Any CPU
		{E285B053-64F1-4494-B6AB-C737F8EF9471}.Release|Any CPU.Build.0 = Release|Any CPU
		{785E71E5-B829-4003-9F1F-CF04EBD35C6D}.Debug|Any CPU.ActiveCfg = Debug|Any CPU
		{785E71E5-B829-4003-9F1F-CF04EBD35C6D}.Debug|Any CPU.Build.0 = Debug|Any CPU
		{785E71E5-B829-4003-9F1F-CF04EBD35C6D}.Release|Any CPU.ActiveCfg = Release|Any CPU
		{785E71E5-B829-4003-9F1F-CF04EBD35C6D}.Release|Any CPU.Build.0 = Release|Any CPU
		{D0BB4141-B058-4110-82F1-1FF6580B42F7}.Debug|Any CPU.ActiveCfg = Debug|Any CPU
		{D0BB4141-B058-4110-82F1-1FF6580B42F7}.Debug|Any CPU.Build.0 = Debug|Any CPU
		{D0BB4141-B058-4110-82F1-1FF6580B42F7}.Release|Any CPU.ActiveCfg = Release|Any CPU
		{D0BB4141-B058-4110-82F1-1FF6580B42F7}.Release|Any CPU.Build.0 = Release|Any CPU
		{7A8B1501-F501-4C56-A0F4-26AE20707035}.Debug|Any CPU.ActiveCfg = Debug|Any CPU
		{7A8B1501-F501-4C56-A0F4-26AE20707035}.Debug|Any CPU.Build.0 = Debug|Any CPU
		{7A8B1501-F501-4C56-A0F4-26AE20707035}.Release|Any CPU.ActiveCfg = Release|Any CPU
		{7A8B1501-F501-4C56-A0F4-26AE20707035}.Release|Any CPU.Build.0 = Release|Any CPU
	EndGlobalSection
	GlobalSection(SolutionProperties) = preSolution
		HideSolutionNode = FALSE
	EndGlobalSection
	GlobalSection(NestedProjects) = preSolution
		{087D7C48-B7C5-400A-B93B-C99AE5E798A8} = {BB2A299F-343F-4411-B8E2-5B4CD07473D8}
		{FF1BC4CC-15C3-41FD-820E-DA2CF4EF57F7} = {BB2A299F-343F-4411-B8E2-5B4CD07473D8}
		{E285B053-64F1-4494-B6AB-C737F8EF9471} = {BB2A299F-343F-4411-B8E2-5B4CD07473D8}
		{785E71E5-B829-4003-9F1F-CF04EBD35C6D} = {CAC26B76-7DB2-44BE-94F6-2D5394C99F63}
		{D0BB4141-B058-4110-82F1-1FF6580B42F7} = {CAC26B76-7DB2-44BE-94F6-2D5394C99F63}
		{7A8B1501-F501-4C56-A0F4-26AE20707035} = {CAC26B76-7DB2-44BE-94F6-2D5394C99F63}
	EndGlobalSection
	GlobalSection(ExtensibilityGlobals) = postSolution
		SolutionGuid = {16A301E6-4310-4CF4-BBC8-6F9EFBCC369E}
	EndGlobalSection
EndGlobal
